<?xml version="1.0" encoding="UTF-8" standalone="yes" ?>
<CodeBlocks_project_file>
	<FileVersion major="1" minor="6" />
	<Project>
		<Option title="Stortverk" />
		<Option pch_mode="2" />
		<Option compiler="gcc" />
		<Build>
			<Target title="Debug">
				<Option output="bin/Debug/Stortverk" prefix_auto="1" extension_auto="1" />
				<Option object_output="obj/Debug/" />
				<Option type="1" />
				<Option compiler="gcc" />
				<Compiler>
					<Add option="-g" />
					<Add directory="include/ui" />
					<Add directory="include/models" />
					<Add directory="include/repository" />
				</Compiler>
			</Target>
			<Target title="Release">
				<Option output="bin/Release/Stortverk" prefix_auto="1" extension_auto="1" />
				<Option object_output="obj/Release/" />
				<Option type="1" />
				<Option compiler="gcc" />
				<Compiler>
					<Add option="-O2" />
					<Add directory="include/ui" />
					<Add directory="include/models" />
					<Add directory="include/repository" />
				</Compiler>
				<Linker>
					<Add option="-s" />
				</Linker>
			</Target>
		</Build>
		<Compiler>
			<Add option="-Wall" />
			<Add option="-fexceptions" />
		</Compiler>
		<Unit filename="include/models/Pizza.h" />
		<Unit filename="include/models/Toppings.h" />
		<Unit filename="include/repository/ToppingRepo.h" />
		<Unit filename="include/ui/Baker_ui.h" />
		<Unit filename="include/ui/Delivery_ui.h" />
		<Unit filename="include/ui/Main_ui.h" />
		<Unit filename="include/ui/Manager_ui.h" />
		<Unit filename="include/ui/Sales_ui.h" />
		<Unit filename="main.cpp" />
		<Unit filename="src/models/Pizza.cpp" />
		<Unit filename="src/models/Toppings.cpp" />
		<Unit filename="src/repository/ToppingRepo.cpp" />
		<Unit filename="src/ui/Baker_ui.cpp" />
		<Unit filename="src/ui/Delivery_ui.cpp" />
		<Unit filename="src/ui/Main_ui.cpp" />
		<Unit filename="src/ui/Manager_ui.cpp" />
		<Unit filename="src/ui/Sales_ui.cpp" />
		<Extensions>
			<code_completion />
			<envvars />
			<debugger />
			<lib_finder disable_auto="1" />
		</Extensions>
	</Project>
</CodeBlocks_project_file>
